
Microsoft Visual Studio Solution File, Format Version 12.00
# Visual Studio 15
VisualStudioVersion = 15.0.27130.2036
MinimumVisualStudioVersion = 10.0.40219.1
Project("{9A19103F-16F7-4668-BE54-9A1E7A4F7556}") = "ACBr.Net.Integrador.Standard", "ACBr.Net.Integrador.Standard\ACBr.Net.Integrador.Standard.csproj", "{6FCDD6B1-786C-4E55-9182-C2F167FAC0CA}"
EndProject
Project("{D954291E-2A0B-460D-934E-DC6B0785DB48}") = "ACBr.Net.Integrador.Shared", "ACBr.Net.Integrador.Shared\ACBr.Net.Integrador.Shared.shproj", "{8F118730-C019-425A-8C19-DD7B9643CFB6}"
EndProject
Project("{2150E333-8FDC-42A3-9474-1A3956D46DE8}") = "Libs", "Libs", "{2EC86040-328B-43DC-833A-C22A8309BB68}"
EndProject
Project("{FAE04EC0-301F-11D3-BF4B-00C04F79EFBC}") = "ACBr.Net.Integrador", "ACBr.Net.Integrador\ACBr.Net.Integrador.csproj", "{2BA7857C-23DF-4740-BB7B-DA5141F90C2F}"
EndProject
Global
	GlobalSection(SharedMSBuildProjectFiles) = preSolution
		ACBr.Net.Integrador.Shared\ACBr.Net.Integrador.Shared.projitems*{2ba7857c-23df-4740-bb7b-da5141f90c2f}*SharedItemsImports = 4
		ACBr.Net.Integrador.Shared\ACBr.Net.Integrador.Shared.projitems*{8f118730-c019-425a-8c19-dd7b9643cfb6}*SharedItemsImports = 13
	EndGlobalSection
	GlobalSection(SolutionConfigurationPlatforms) = preSolution
		Debug|Any CPU = Debug|Any CPU
		Release|Any CPU = Release|Any CPU
	EndGlobalSection
	GlobalSection(ProjectConfigurationPlatforms) = postSolution
		{6FCDD6B1-786C-4E55-9182-C2F167FAC0CA}.Debug|Any CPU.ActiveCfg = Debug|Any CPU
		{6FCDD6B1-786C-4E55-9182-C2F167FAC0CA}.Debug|Any CPU.Build.0 = Debug|Any CPU
		{6FCDD6B1-786C-4E55-9182-C2F167FAC0CA}.Release|Any CPU.ActiveCfg = Release|Any CPU
		{6FCDD6B1-786C-4E55-9182-C2F167FAC0CA}.Release|Any CPU.Build.0 = Release|Any CPU
		{2BA7857C-23DF-4740-BB7B-DA5141F90C2F}.Debug|Any CPU.ActiveCfg = Debug|Any CPU
		{2BA7857C-23DF-4740-BB7B-DA5141F90C2F}.Debug|Any CPU.Build.0 = Debug|Any CPU
		{2BA7857C-23DF-4740-BB7B-DA5141F90C2F}.Release|Any CPU.ActiveCfg = Release|Any CPU
		{2BA7857C-23DF-4740-BB7B-DA5141F90C2F}.Release|Any CPU.Build.0 = Release|Any CPU
	EndGlobalSection
	GlobalSection(SolutionProperties) = preSolution
		HideSolutionNode = FALSE
	EndGlobalSection
	GlobalSection(NestedProjects) = preSolution
		{6FCDD6B1-786C-4E55-9182-C2F167FAC0CA} = {2EC86040-328B-43DC-833A-C22A8309BB68}
		{2BA7857C-23DF-4740-BB7B-DA5141F90C2F} = {2EC86040-328B-43DC-833A-C22A8309BB68}
	EndGlobalSection
	GlobalSection(ExtensibilityGlobals) = postSolution
		SolutionGuid = {9FBED34A-9113-4998-AF16-C84874023AA5}
	EndGlobalSection
EndGlobal
